// !$*UTF8*$!
{
	archiveVersion = 1;
	classes = {
	};
	objectVersion = 51;
	objects = {

/* Begin PBXBuildFile section */
		16CB54567A9AB28A01890864 /* Pods_BugDoneTests.framework in Frameworks */ = {isa = PBXBuildFile; fileRef = 27B67FA1E57B5263D02DFAB1 /* Pods_BugDoneTests.framework */; };
		8A0970CDA78B737C587AC66F /* Pods_BugDone.framework in Frameworks */ = {isa = PBXBuildFile; fileRef = 5AB70088218903C99B202A8A /* Pods_BugDone.framework */; };
		D00C4AC724C88DC2004F0F40 /* AppDelegate.swift in Sources */ = {isa = PBXBuildFile; fileRef = D00C4AC624C88DC2004F0F40 /* AppDelegate.swift */; };
		D00C4AD024C88DC2004F0F40 /* Assets.xcassets in Resources */ = {isa = PBXBuildFile; fileRef = D00C4ACF24C88DC2004F0F40 /* Assets.xcassets */; };
		D00C4AD324C88DC2004F0F40 /* LaunchScreen.storyboard in Resources */ = {isa = PBXBuildFile; fileRef = D00C4AD124C88DC2004F0F40 /* LaunchScreen.storyboard */; };
		D00C4ADE24C88DC3004F0F40 /* BugDoneTests.swift in Sources */ = {isa = PBXBuildFile; fileRef = D00C4ADD24C88DC3004F0F40 /* BugDoneTests.swift */; };
		D00C4AE924C88DC3004F0F40 /* BugDoneUITests.swift in Sources */ = {isa = PBXBuildFile; fileRef = D00C4AE824C88DC3004F0F40 /* BugDoneUITests.swift */; };
		D0FD8BC424CB44280043DEFF /* LoginViewController.swift in Sources */ = {isa = PBXBuildFile; fileRef = D0FD8BC324CB44280043DEFF /* LoginViewController.swift */; };
		D9C2D285B6623EAC51FDB800 /* Pods_BugDone_BugDoneUITests.framework in Frameworks */ = {isa = PBXBuildFile; fileRef = 954DAACDE7980C9A1B99F035 /* Pods_BugDone_BugDoneUITests.framework */; };
/* End PBXBuildFile section */

/* Begin PBXContainerItemProxy section */
		D00C4ADA24C88DC3004F0F40 /* PBXContainerItemProxy */ = {
			isa = PBXContainerItemProxy;
			containerPortal = D00C4ABB24C88DC2004F0F40 /* Project object */;
			proxyType = 1;
			remoteGlobalIDString = D00C4AC224C88DC2004F0F40;
			remoteInfo = BugDone;
		};
		D00C4AE524C88DC3004F0F40 /* PBXContainerItemProxy */ = {
			isa = PBXContainerItemProxy;
			containerPortal = D00C4ABB24C88DC2004F0F40 /* Project object */;
			proxyType = 1;
			remoteGlobalIDString = D00C4AC224C88DC2004F0F40;
			remoteInfo = BugDone;
		};
/* End PBXContainerItemProxy section */

/* Begin PBXFileReference section */
		13A09F1086C3BFAEB5FEE87A /* Pods-BugDone-BugDoneUITests.debug.xcconfig */ = {isa = PBXFileReference; includeInIndex = 1; lastKnownFileType = text.xcconfig; name = "Pods-BugDone-BugDoneUITests.debug.xcconfig"; path = "Target Support Files/Pods-BugDone-BugDoneUITests/Pods-BugDone-BugDoneUITests.debug.xcconfig"; sourceTree = "<group>"; };
		27B67FA1E57B5263D02DFAB1 /* Pods_BugDoneTests.framework */ = {isa = PBXFileReference; explicitFileType = wrapper.framework; includeInIndex = 0; path = Pods_BugDoneTests.framework; sourceTree = BUILT_PRODUCTS_DIR; };
		395873D2DC7B39E89F659FC3 /* Pods-BugDone-BugDoneUITests.release.xcconfig */ = {isa = PBXFileReference; includeInIndex = 1; lastKnownFileType = text.xcconfig; name = "Pods-BugDone-BugDoneUITests.release.xcconfig"; path = "Target Support Files/Pods-BugDone-BugDoneUITests/Pods-BugDone-BugDoneUITests.release.xcconfig"; sourceTree = "<group>"; };
		53D55B784608FB6081EAF92B /* Pods-BugDone.release.xcconfig */ = {isa = PBXFileReference; includeInIndex = 1; lastKnownFileType = text.xcconfig; name = "Pods-BugDone.release.xcconfig"; path = "Target Support Files/Pods-BugDone/Pods-BugDone.release.xcconfig"; sourceTree = "<group>"; };
		5AB70088218903C99B202A8A /* Pods_BugDone.framework */ = {isa = PBXFileReference; explicitFileType = wrapper.framework; includeInIndex = 0; path = Pods_BugDone.framework; sourceTree = BUILT_PRODUCTS_DIR; };
		5CA332D1684F4DF366B416F1 /* Pods-BugDoneTests.debug.xcconfig */ = {isa = PBXFileReference; includeInIndex = 1; lastKnownFileType = text.xcconfig; name = "Pods-BugDoneTests.debug.xcconfig"; path = "Target Support Files/Pods-BugDoneTests/Pods-BugDoneTests.debug.xcconfig"; sourceTree = "<group>"; };
		661A9943108268B5A12FFE90 /* Pods-BugDoneTests.release.xcconfig */ = {isa = PBXFileReference; includeInIndex = 1; lastKnownFileType = text.xcconfig; name = "Pods-BugDoneTests.release.xcconfig"; path = "Target Support Files/Pods-BugDoneTests/Pods-BugDoneTests.release.xcconfig"; sourceTree = "<group>"; };
		954DAACDE7980C9A1B99F035 /* Pods_BugDone_BugDoneUITests.framework */ = {isa = PBXFileReference; explicitFileType = wrapper.framework; includeInIndex = 0; path = Pods_BugDone_BugDoneUITests.framework; sourceTree = BUILT_PRODUCTS_DIR; };
		D00C4AC324C88DC2004F0F40 /* BugDone.app */ = {isa = PBXFileReference; explicitFileType = wrapper.application; includeInIndex = 0; path = BugDone.app; sourceTree = BUILT_PRODUCTS_DIR; };
		D00C4AC624C88DC2004F0F40 /* AppDelegate.swift */ = {isa = PBXFileReference; lastKnownFileType = sourcecode.swift; path = AppDelegate.swift; sourceTree = "<group>"; };
		D00C4ACF24C88DC2004F0F40 /* Assets.xcassets */ = {isa = PBXFileReference; lastKnownFileType = folder.assetcatalog; path = Assets.xcassets; sourceTree = "<group>"; };
		D00C4AD224C88DC2004F0F40 /* Base */ = {isa = PBXFileReference; lastKnownFileType = file.storyboard; name = Base; path = Base.lproj/LaunchScreen.storyboard; sourceTree = "<group>"; };
		D00C4AD424C88DC3004F0F40 /* Info.plist */ = {isa = PBXFileReference; lastKnownFileType = text.plist.xml; path = Info.plist; sourceTree = "<group>"; };
		D00C4AD924C88DC3004F0F40 /* BugDoneTests.xctest */ = {isa = PBXFileReference; explicitFileType = wrapper.cfbundle; includeInIndex = 0; path = BugDoneTests.xctest; sourceTree = BUILT_PRODUCTS_DIR; };
		D00C4ADD24C88DC3004F0F40 /* BugDoneTests.swift */ = {isa = PBXFileReference; lastKnownFileType = sourcecode.swift; path = BugDoneTests.swift; sourceTree = "<group>"; };
		D00C4ADF24C88DC3004F0F40 /* Info.plist */ = {isa = PBXFileReference; lastKnownFileType = text.plist.xml; path = Info.plist; sourceTree = "<group>"; };
		D00C4AE424C88DC3004F0F40 /* BugDoneUITests.xctest */ = {isa = PBXFileReference; explicitFileType = wrapper.cfbundle; includeInIndex = 0; path = BugDoneUITests.xctest; sourceTree = BUILT_PRODUCTS_DIR; };
		D00C4AE824C88DC3004F0F40 /* BugDoneUITests.swift */ = {isa = PBXFileReference; lastKnownFileType = sourcecode.swift; path = BugDoneUITests.swift; sourceTree = "<group>"; };
		D00C4AEA24C88DC3004F0F40 /* Info.plist */ = {isa = PBXFileReference; lastKnownFileType = text.plist.xml; path = Info.plist; sourceTree = "<group>"; };
		D0FD8BC324CB44280043DEFF /* LoginViewController.swift */ = {isa = PBXFileReference; lastKnownFileType = sourcecode.swift; path = LoginViewController.swift; sourceTree = "<group>"; };
		F337E062372BC75743FD5DF4 /* Pods-BugDone.debug.xcconfig */ = {isa = PBXFileReference; includeInIndex = 1; lastKnownFileType = text.xcconfig; name = "Pods-BugDone.debug.xcconfig"; path = "Target Support Files/Pods-BugDone/Pods-BugDone.debug.xcconfig"; sourceTree = "<group>"; };
/* End PBXFileReference section */

/* Begin PBXFrameworksBuildPhase section */
		D00C4AC024C88DC2004F0F40 /* Frameworks */ = {
			isa = PBXFrameworksBuildPhase;
			buildActionMask = 2147483647;
			files = (
				8A0970CDA78B737C587AC66F /* Pods_BugDone.framework in Frameworks */,
			);
			runOnlyForDeploymentPostprocessing = 0;
		};
		D00C4AD624C88DC3004F0F40 /* Frameworks */ = {
			isa = PBXFrameworksBuildPhase;
			buildActionMask = 2147483647;
			files = (
				16CB54567A9AB28A01890864 /* Pods_BugDoneTests.framework in Frameworks */,
			);
			runOnlyForDeploymentPostprocessing = 0;
		};
		D00C4AE124C88DC3004F0F40 /* Frameworks */ = {
			isa = PBXFrameworksBuildPhase;
			buildActionMask = 2147483647;
			files = (
				D9C2D285B6623EAC51FDB800 /* Pods_BugDone_BugDoneUITests.framework in Frameworks */,
			);
			runOnlyForDeploymentPostprocessing = 0;
		};
/* End PBXFrameworksBuildPhase section */

/* Begin PBXGroup section */
		7623B62018A75238D0E7B032 /* Frameworks */ = {
			isa = PBXGroup;
			children = (
				5AB70088218903C99B202A8A /* Pods_BugDone.framework */,
				954DAACDE7980C9A1B99F035 /* Pods_BugDone_BugDoneUITests.framework */,
				27B67FA1E57B5263D02DFAB1 /* Pods_BugDoneTests.framework */,
			);
			name = Frameworks;
			sourceTree = "<group>";
		};
		D00C4ABA24C88DC2004F0F40 = {
			isa = PBXGroup;
			children = (
				D00C4AC524C88DC2004F0F40 /* BugDone */,
				D00C4ADC24C88DC3004F0F40 /* BugDoneTests */,
				D00C4AE724C88DC3004F0F40 /* BugDoneUITests */,
				D00C4AC424C88DC2004F0F40 /* Products */,
				D7ED3F2AEDBE9832C12D0C02 /* Pods */,
				7623B62018A75238D0E7B032 /* Frameworks */,
			);
			sourceTree = "<group>";
		};
		D00C4AC424C88DC2004F0F40 /* Products */ = {
			isa = PBXGroup;
			children = (
				D00C4AC324C88DC2004F0F40 /* BugDone.app */,
				D00C4AD924C88DC3004F0F40 /* BugDoneTests.xctest */,
				D00C4AE424C88DC3004F0F40 /* BugDoneUITests.xctest */,
			);
			name = Products;
			sourceTree = "<group>";
		};
		D00C4AC524C88DC2004F0F40 /* BugDone */ = {
			isa = PBXGroup;
			children = (
				D0FD8BC124CB43B80043DEFF /* Const */,
				D0FD8BC024CB43B00043DEFF /* Util */,
				D0FD8BBF24CB43A90043DEFF /* View */,
				D0FD8BBE24CB43A00043DEFF /* VC */,
				D0FD8BBD24CB42CC0043DEFF /* Support */,
				D00C4ACF24C88DC2004F0F40 /* Assets.xcassets */,
				D00C4AD124C88DC2004F0F40 /* LaunchScreen.storyboard */,
			);
			path = BugDone;
			sourceTree = "<group>";
		};
		D00C4ADC24C88DC3004F0F40 /* BugDoneTests */ = {
			isa = PBXGroup;
			children = (
				D00C4ADD24C88DC3004F0F40 /* BugDoneTests.swift */,
				D00C4ADF24C88DC3004F0F40 /* Info.plist */,
			);
			path = BugDoneTests;
			sourceTree = "<group>";
		};
		D00C4AE724C88DC3004F0F40 /* BugDoneUITests */ = {
			isa = PBXGroup;
			children = (
				D00C4AE824C88DC3004F0F40 /* BugDoneUITests.swift */,
				D00C4AEA24C88DC3004F0F40 /* Info.plist */,
			);
			path = BugDoneUITests;
			sourceTree = "<group>";
		};
		D0FD8BBD24CB42CC0043DEFF /* Support */ = {
			isa = PBXGroup;
			children = (
				D00C4AD424C88DC3004F0F40 /* Info.plist */,
				D00C4AC624C88DC2004F0F40 /* AppDelegate.swift */,
			);
			path = Support;
			sourceTree = "<group>";
		};
		D0FD8BBE24CB43A00043DEFF /* VC */ = {
			isa = PBXGroup;
			children = (
				D0FD8BC224CB440A0043DEFF /* Login */,
			);
			path = VC;
			sourceTree = "<group>";
		};
		D0FD8BBF24CB43A90043DEFF /* View */ = {
			isa = PBXGroup;
			children = (
			);
			path = View;
			sourceTree = "<group>";
		};
		D0FD8BC024CB43B00043DEFF /* Util */ = {
			isa = PBXGroup;
			children = (
			);
			path = Util;
			sourceTree = "<group>";
		};
		D0FD8BC124CB43B80043DEFF /* Const */ = {
			isa = PBXGroup;
			children = (
			);
			path = Const;
			sourceTree = "<group>";
		};
		D0FD8BC224CB440A0043DEFF /* Login */ = {
			isa = PBXGroup;
			children = (
				D0FD8BC324CB44280043DEFF /* LoginViewController.swift */,
			);
			path = Login;
			sourceTree = "<group>";
		};
		D7ED3F2AEDBE9832C12D0C02 /* Pods */ = {
			isa = PBXGroup;
			children = (
				F337E062372BC75743FD5DF4 /* Pods-BugDone.debug.xcconfig */,
				53D55B784608FB6081EAF92B /* Pods-BugDone.release.xcconfig */,
				13A09F1086C3BFAEB5FEE87A /* Pods-BugDone-BugDoneUITests.debug.xcconfig */,
				395873D2DC7B39E89F659FC3 /* Pods-BugDone-BugDoneUITests.release.xcconfig */,
				5CA332D1684F4DF366B416F1 /* Pods-BugDoneTests.debug.xcconfig */,
				661A9943108268B5A12FFE90 /* Pods-BugDoneTests.release.xcconfig */,
			);
			path = Pods;
			sourceTree = "<group>";
		};
/* End PBXGroup section */

/* Begin PBXNativeTarget section */
		D00C4AC224C88DC2004F0F40 /* BugDone */ = {
			isa = PBXNativeTarget;
			buildConfigurationList = D00C4AED24C88DC3004F0F40 /* Build configuration list for PBXNativeTarget "BugDone" */;
			buildPhases = (
				7A501DFF27DC71713359235F /* [CP] Check Pods Manifest.lock */,
				D00C4ABF24C88DC2004F0F40 /* Sources */,
				D00C4AC024C88DC2004F0F40 /* Frameworks */,
				D00C4AC124C88DC2004F0F40 /* Resources */,
				A2FEEE4E5F69130E0A8D1F8C /* [CP] Embed Pods Frameworks */,
			);
			buildRules = (
			);
			dependencies = (
			);
			name = BugDone;
			productName = BugDone;
			productReference = D00C4AC324C88DC2004F0F40 /* BugDone.app */;
			productType = "com.apple.product-type.application";
		};
		D00C4AD824C88DC3004F0F40 /* BugDoneTests */ = {
			isa = PBXNativeTarget;
			buildConfigurationList = D00C4AF024C88DC3004F0F40 /* Build configuration list for PBXNativeTarget "BugDoneTests" */;
			buildPhases = (
				1713022DEF58F7F8167D99A2 /* [CP] Check Pods Manifest.lock */,
				D00C4AD524C88DC3004F0F40 /* Sources */,
				D00C4AD624C88DC3004F0F40 /* Frameworks */,
				D00C4AD724C88DC3004F0F40 /* Resources */,
			);
			buildRules = (
			);
			dependencies = (
				D00C4ADB24C88DC3004F0F40 /* PBXTargetDependency */,
			);
			name = BugDoneTests;
			productName = BugDoneTests;
			productReference = D00C4AD924C88DC3004F0F40 /* BugDoneTests.xctest */;
			productType = "com.apple.product-type.bundle.unit-test";
		};
		D00C4AE324C88DC3004F0F40 /* BugDoneUITests */ = {
			isa = PBXNativeTarget;
			buildConfigurationList = D00C4AF324C88DC3004F0F40 /* Build configuration list for PBXNativeTarget "BugDoneUITests" */;
			buildPhases = (
				3AD5183C0D1E9A3F14DDF11C /* [CP] Check Pods Manifest.lock */,
				D00C4AE024C88DC3004F0F40 /* Sources */,
				D00C4AE124C88DC3004F0F40 /* Frameworks */,
				D00C4AE224C88DC3004F0F40 /* Resources */,
				B7515DCAF2B8272F04186D92 /* [CP] Embed Pods Frameworks */,
			);
			buildRules = (
			);
			dependencies = (
				D00C4AE624C88DC3004F0F40 /* PBXTargetDependency */,
			);
			name = BugDoneUITests;
			productName = BugDoneUITests;
			productReference = D00C4AE424C88DC3004F0F40 /* BugDoneUITests.xctest */;
			productType = "com.apple.product-type.bundle.ui-testing";
		};
/* End PBXNativeTarget section */

/* Begin PBXProject section */
		D00C4ABB24C88DC2004F0F40 /* Project object */ = {
			isa = PBXProject;
			attributes = {
				LastSwiftUpdateCheck = 1160;
				LastUpgradeCheck = 1160;
				ORGANIZATIONNAME = "clf kira";
				TargetAttributes = {
					D00C4AC224C88DC2004F0F40 = {
						CreatedOnToolsVersion = 11.6;
					};
					D00C4AD824C88DC3004F0F40 = {
						CreatedOnToolsVersion = 11.6;
						TestTargetID = D00C4AC224C88DC2004F0F40;
					};
					D00C4AE324C88DC3004F0F40 = {
						CreatedOnToolsVersion = 11.6;
						TestTargetID = D00C4AC224C88DC2004F0F40;
					};
				};
			};
			buildConfigurationList = D00C4ABE24C88DC2004F0F40 /* Build configuration list for PBXProject "BugDone" */;
			compatibilityVersion = "Xcode 9.3";
			developmentRegion = en;
			hasScannedForEncodings = 0;
			knownRegions = (
				en,
				Base,
			);
			mainGroup = D00C4ABA24C88DC2004F0F40;
			productRefGroup = D00C4AC424C88DC2004F0F40 /* Products */;
			projectDirPath = "";
			projectRoot = "";
			targets = (
				D00C4AC224C88DC2004F0F40 /* BugDone */,
				D00C4AD824C88DC3004F0F40 /* BugDoneTests */,
				D00C4AE324C88DC3004F0F40 /* BugDoneUITests */,
			);
		};
/* End PBXProject section */

/* Begin PBXResourcesBuildPhase section */
		D00C4AC124C88DC2004F0F40 /* Resources */ = {
			isa = PBXResourcesBuildPhase;
			buildActionMask = 2147483647;
			files = (
				D00C4AD324C88DC2004F0F40 /* LaunchScreen.storyboard in Resources */,
				D00C4AD024C88DC2004F0F40 /* Assets.xcassets in Resources */,
			);
			runOnlyForDeploymentPostprocessing = 0;
		};
		D00C4AD724C88DC3004F0F40 /* Resources */ = {
			isa = PBXResourcesBuildPhase;
			buildActionMask = 2147483647;
			files = (
			);
			runOnlyForDeploymentPostprocessing = 0;
		};
		D00C4AE224C88DC3004F0F40 /* Resources */ = {
			isa = PBXResourcesBuildPhase;
			buildActionMask = 2147483647;
			files = (
			);
			runOnlyForDeploymentPostprocessing = 0;
		};
/* End PBXResourcesBuildPhase section */

/* Begin PBXShellScriptBuildPhase section */
		1713022DEF58F7F8167D99A2 /* [CP] Check Pods Manifest.lock */ = {
			isa = PBXShellScriptBuildPhase;
			buildActionMask = 2147483647;
			files = (
			);
			inputFileListPaths = (
			);
			inputPaths = (
				"${PODS_PODFILE_DIR_PATH}/Podfile.lock",
				"${PODS_ROOT}/Manifest.lock",
			);
			name = "[CP] Check Pods Manifest.lock";
			outputFileListPaths = (
			);
			outputPaths = (
				"$(DERIVED_FILE_DIR)/Pods-BugDoneTests-checkManifestLockResult.txt",
			);
			runOnlyForDeploymentPostprocessing = 0;
			shellPath = /bin/sh;
			shellScript = "diff \"${PODS_PODFILE_DIR_PATH}/Podfile.lock\" \"${PODS_ROOT}/Manifest.lock\" > /dev/null\nif [ $? != 0 ] ; then\n    # print error to STDERR\n    echo \"error: The sandbox is not in sync with the Podfile.lock. Run 'pod install' or update your CocoaPods installation.\" >&2\n    exit 1\nfi\n# This output is used by Xcode 'outputs' to avoid re-running this script phase.\necho \"SUCCESS\" > \"${SCRIPT_OUTPUT_FILE_0}\"\n";
			showEnvVarsInLog = 0;
		};
		3AD5183C0D1E9A3F14DDF11C /* [CP] Check Pods Manifest.lock */ = {
			isa = PBXShellScriptBuildPhase;
			buildActionMask = 2147483647;
			files = (
			);
			inputFileListPaths = (
			);
			inputPaths = (
				"${PODS_PODFILE_DIR_PATH}/Podfile.lock",
				"${PODS_ROOT}/Manifest.lock",
			);
			name = "[CP] Check Pods Manifest.lock";
			outputFileListPaths = (
			);
			outputPaths = (
				"$(DERIVED_FILE_DIR)/Pods-BugDone-BugDoneUITests-checkManifestLockResult.txt",
			);
			runOnlyForDeploymentPostprocessing = 0;
			shellPath = /bin/sh;
			shellScript = "diff \"${PODS_PODFILE_DIR_PATH}/Podfile.lock\" \"${PODS_ROOT}/Manifest.lock\" > /dev/null\nif [ $? != 0 ] ; then\n    # print error to STDERR\n    echo \"error: The sandbox is not in sync with the Podfile.lock. Run 'pod install' or update your CocoaPods installation.\" >&2\n    exit 1\nfi\n# This output is used by Xcode 'outputs' to avoid re-running this script phase.\necho \"SUCCESS\" > \"${SCRIPT_OUTPUT_FILE_0}\"\n";
			showEnvVarsInLog = 0;
		};
		7A501DFF27DC71713359235F /* [CP] Check Pods Manifest.lock */ = {
			isa = PBXShellScriptBuildPhase;
			buildActionMask = 2147483647;
			files = (
			);
			inputFileListPaths = (
			);
			inputPaths = (
				"${PODS_PODFILE_DIR_PATH}/Podfile.lock",
				"${PODS_ROOT}/Manifest.lock",
			);
			name = "[CP] Check Pods Manifest.lock";
			outputFileListPaths = (
			);
			outputPaths = (
				"$(DERIVED_FILE_DIR)/Pods-BugDone-checkManifestLockResult.txt",
			);
			runOnlyForDeploymentPostprocessing = 0;
			shellPath = /bin/sh;
			shellScript = "diff \"${PODS_PODFILE_DIR_PATH}/Podfile.lock\" \"${PODS_ROOT}/Manifest.lock\" > /dev/null\nif [ $? != 0 ] ; then\n    # print error to STDERR\n    echo \"error: The sandbox is not in sync with the Podfile.lock. Run 'pod install' or update your CocoaPods installation.\" >&2\n    exit 1\nfi\n# This output is used by Xcode 'outputs' to avoid re-running this script phase.\necho \"SUCCESS\" > \"${SCRIPT_OUTPUT_FILE_0}\"\n";
			showEnvVarsInLog = 0;
		};
		A2FEEE4E5F69130E0A8D1F8C /* [CP] Embed Pods Frameworks */ = {
			isa = PBXShellScriptBuildPhase;
			buildActionMask = 2147483647;
			files = (
			);
			inputFileListPaths = (
				"${PODS_ROOT}/Target Support Files/Pods-BugDone/Pods-BugDone-frameworks-${CONFIGURATION}-input-files.xcfilelist",
			);
			name = "[CP] Embed Pods Frameworks";
			outputFileListPaths = (
				"${PODS_ROOT}/Target Support Files/Pods-BugDone/Pods-BugDone-frameworks-${CONFIGURATION}-output-files.xcfilelist",
			);
			runOnlyForDeploymentPostprocessing = 0;
			shellPath = /bin/sh;
			shellScript = "\"${PODS_ROOT}/Target Support Files/Pods-BugDone/Pods-BugDone-frameworks.sh\"\n";
			showEnvVarsInLog = 0;
		};
		B7515DCAF2B8272F04186D92 /* [CP] Embed Pods Frameworks */ = {
			isa = PBXShellScriptBuildPhase;
			buildActionMask = 2147483647;
			files = (
			);
			inputFileListPaths = (
				"${PODS_ROOT}/Target Support Files/Pods-BugDone-BugDoneUITests/Pods-BugDone-BugDoneUITests-frameworks-${CONFIGURATION}-input-files.xcfilelist",
			);
			name = "[CP] Embed Pods Frameworks";
			outputFileListPaths = (
				"${PODS_ROOT}/Target Support Files/Pods-BugDone-BugDoneUITests/Pods-BugDone-BugDoneUITests-frameworks-${CONFIGURATION}-output-files.xcfilelist",
			);
			runOnlyForDeploymentPostprocessing = 0;
			shellPath = /bin/sh;
			shellScript = "\"${PODS_ROOT}/Target Support Files/Pods-BugDone-BugDoneUITests/Pods-BugDone-BugDoneUITests-frameworks.sh\"\n";
			showEnvVarsInLog = 0;
		};
/* End PBXShellScriptBuildPhase section */

/* Begin PBXSourcesBuildPhase section */
		D00C4ABF24C88DC2004F0F40 /* Sources */ = {
			isa = PBXSourcesBuildPhase;
			buildActionMask = 2147483647;
			files = (
				D0FD8BC424CB44280043DEFF /* LoginViewController.swift in Sources */,
				D00C4AC724C88DC2004F0F40 /* AppDelegate.swift in Sources */,
			);
			runOnlyForDeploymentPostprocessing = 0;
		};
		D00C4AD524C88DC3004F0F40 /* Sources */ = {
			isa = PBXSourcesBuildPhase;
			buildActionMask = 2147483647;
			files = (
				D00C4ADE24C88DC3004F0F40 /* BugDoneTests.swift in Sources */,
			);
			runOnlyForDeploymentPostprocessing = 0;
		};
		D00C4AE024C88DC3004F0F40 /* Sources */ = {
			isa = PBXSourcesBuildPhase;
			buildActionMask = 2147483647;
			files = (
				D00C4AE924C88DC3004F0F40 /* BugDoneUITests.swift in Sources */,
			);
			runOnlyForDeploymentPostprocessing = 0;
		};
/* End PBXSourcesBuildPhase section */

/* Begin PBXTargetDependency section */
		D00C4ADB24C88DC3004F0F40 /* PBXTargetDependency */ = {
			isa = PBXTargetDependency;
			target = D00C4AC224C88DC2004F0F40 /* BugDone */;
			targetProxy = D00C4ADA24C88DC3004F0F40 /* PBXContainerItemProxy */;
		};
		D00C4AE624C88DC3004F0F40 /* PBXTargetDependency */ = {
			isa = PBXTargetDependency;
			target = D00C4AC224C88DC2004F0F40 /* BugDone */;
			targetProxy = D00C4AE524C88DC3004F0F40 /* PBXContainerItemProxy */;
		};
/* End PBXTargetDependency section */

/* Begin PBXVariantGroup section */
		D00C4AD124C88DC2004F0F40 /* LaunchScreen.storyboard */ = {
			isa = PBXVariantGroup;
			children = (
				D00C4AD224C88DC2004F0F40 /* Base */,
			);
			name = LaunchScreen.storyboard;
			sourceTree = "<group>";
		};
/* End PBXVariantGroup section */

/* Begin XCBuildConfiguration section */
		D00C4AEB24C88DC3004F0F40 /* Debug */ = {
			isa = XCBuildConfiguration;
			buildSettings = {
				ALWAYS_SEARCH_USER_PATHS = NO;
				CLANG_ANALYZER_NONNULL = YES;
				CLANG_ANALYZER_NUMBER_OBJECT_CONVERSION = YES_AGGRESSIVE;
				CLANG_CXX_LANGUAGE_STANDARD = "gnu++14";
				CLANG_CXX_LIBRARY = "libc++";
				CLANG_ENABLE_MODULES = YES;
				CLANG_ENABLE_OBJC_ARC = YES;
				CLANG_ENABLE_OBJC_WEAK = YES;
				CLANG_WARN_BLOCK_CAPTURE_AUTORELEASING = YES;
				CLANG_WARN_BOOL_CONVERSION = YES;
				CLANG_WARN_COMMA = YES;
				CLANG_WARN_CONSTANT_CONVERSION = YES;
				CLANG_WARN_DEPRECATED_OBJC_IMPLEMENTATIONS = YES;
				CLANG_WARN_DIRECT_OBJC_ISA_USAGE = YES_ERROR;
				CLANG_WARN_DOCUMENTATION_COMMENTS = YES;
				CLANG_WARN_EMPTY_BODY = YES;
				CLANG_WARN_ENUM_CONVERSION = YES;
				CLANG_WARN_INFINITE_RECURSION = YES;
				CLANG_WARN_INT_CONVERSION = YES;
				CLANG_WARN_NON_LITERAL_NULL_CONVERSION = YES;
				CLANG_WARN_OBJC_IMPLICIT_RETAIN_SELF = YES;
				CLANG_WARN_OBJC_LITERAL_CONVERSION = YES;
				CLANG_WARN_OBJC_ROOT_CLASS = YES_ERROR;
				CLANG_WARN_RANGE_LOOP_ANALYSIS = YES;
				CLANG_WARN_STRICT_PROTOTYPES = YES;
				CLANG_WARN_SUSPICIOUS_MOVE = YES;
				CLANG_WARN_UNGUARDED_AVAILABILITY = YES_AGGRESSIVE;
				CLANG_WARN_UNREACHABLE_CODE = YES;
				CLANG_WARN__DUPLICATE_METHOD_MATCH = YES;
				COPY_PHASE_STRIP = NO;
				DEBUG_INFORMATION_FORMAT = dwarf;
				ENABLE_STRICT_OBJC_MSGSEND = YES;
				ENABLE_TESTABILITY = YES;
				GCC_C_LANGUAGE_STANDARD = gnu11;
				GCC_DYNAMIC_NO_PIC = NO;
				GCC_NO_COMMON_BLOCKS = YES;
				GCC_OPTIMIZATION_LEVEL = 0;
				GCC_PREPROCESSOR_DEFINITIONS = (
					"DEBUG=1",
					"$(inherited)",
				);
				GCC_WARN_64_TO_32_BIT_CONVERSION = YES;
				GCC_WARN_ABOUT_RETURN_TYPE = YES_ERROR;
				GCC_WARN_UNDECLARED_SELECTOR = YES;
				GCC_WARN_UNINITIALIZED_AUTOS = YES_AGGRESSIVE;
				GCC_WARN_UNUSED_FUNCTION = YES;
				GCC_WARN_UNUSED_VARIABLE = YES;
				IPHONEOS_DEPLOYMENT_TARGET = 13.6;
				MTL_ENABLE_DEBUG_INFO = INCLUDE_SOURCE;
				MTL_FAST_MATH = YES;
				ONLY_ACTIVE_ARCH = YES;
				SDKROOT = iphoneos;
				SWIFT_ACTIVE_COMPILATION_CONDITIONS = DEBUG;
				SWIFT_OPTIMIZATION_LEVEL = "-Onone";
			};
			name = Debug;
		};
		D00C4AEC24C88DC3004F0F40 /* Release */ = {
			isa = XCBuildConfiguration;
			buildSettings = {
				ALWAYS_SEARCH_USER_PATHS = NO;
				CLANG_ANALYZER_NONNULL = YES;
				CLANG_ANALYZER_NUMBER_OBJECT_CONVERSION = YES_AGGRESSIVE;
				CLANG_CXX_LANGUAGE_STANDARD = "gnu++14";
				CLANG_CXX_LIBRARY = "libc++";
				CLANG_ENABLE_MODULES = YES;
				CLANG_ENABLE_OBJC_ARC = YES;
				CLANG_ENABLE_OBJC_WEAK = YES;
				CLANG_WARN_BLOCK_CAPTURE_AUTORELEASING = YES;
				CLANG_WARN_BOOL_CONVERSION = YES;
				CLANG_WARN_COMMA = YES;
				CLANG_WARN_CONSTANT_CONVERSION = YES;
				CLANG_WARN_DEPRECATED_OBJC_IMPLEMENTATIONS = YES;
				CLANG_WARN_DIRECT_OBJC_ISA_USAGE = YES_ERROR;
				CLANG_WARN_DOCUMENTATION_COMMENTS = YES;
				CLANG_WARN_EMPTY_BODY = YES;
				CLANG_WARN_ENUM_CONVERSION = YES;
				CLANG_WARN_INFINITE_RECURSION = YES;
				CLANG_WARN_INT_CONVERSION = YES;
				CLANG_WARN_NON_LITERAL_NULL_CONVERSION = YES;
				CLANG_WARN_OBJC_IMPLICIT_RETAIN_SELF = YES;
				CLANG_WARN_OBJC_LITERAL_CONVERSION = YES;
				CLANG_WARN_OBJC_ROOT_CLASS = YES_ERROR;
				CLANG_WARN_RANGE_LOOP_ANALYSIS = YES;
				CLANG_WARN_STRICT_PROTOTYPES = YES;
				CLANG_WARN_SUSPICIOUS_MOVE = YES;
				CLANG_WARN_UNGUARDED_AVAILABILITY = YES_AGGRESSIVE;
				CLANG_WARN_UNREACHABLE_CODE = YES;
				CLANG_WARN__DUPLICATE_METHOD_MATCH = YES;
				COPY_PHASE_STRIP = NO;
				DEBUG_INFORMATION_FORMAT = "dwarf-with-dsym";
				ENABLE_NS_ASSERTIONS = NO;
				ENABLE_STRICT_OBJC_MSGSEND = YES;
				GCC_C_LANGUAGE_STANDARD = gnu11;
				GCC_NO_COMMON_BLOCKS = YES;
				GCC_WARN_64_TO_32_BIT_CONVERSION = YES;
				GCC_WARN_ABOUT_RETURN_TYPE = YES_ERROR;
				GCC_WARN_UNDECLARED_SELECTOR = YES;
				GCC_WARN_UNINITIALIZED_AUTOS = YES_AGGRESSIVE;
				GCC_WARN_UNUSED_FUNCTION = YES;
				GCC_WARN_UNUSED_VARIABLE = YES;
				IPHONEOS_DEPLOYMENT_TARGET = 13.6;
				MTL_ENABLE_DEBUG_INFO = NO;
				MTL_FAST_MATH = YES;
				SDKROOT = iphoneos;
				SWIFT_COMPILATION_MODE = wholemodule;
				SWIFT_OPTIMIZATION_LEVEL = "-O";
				VALIDATE_PRODUCT = YES;
			};
			name = Release;
		};
		D00C4AEE24C88DC3004F0F40 /* Debug */ = {
			isa = XCBuildConfiguration;
			baseConfigurationReference = F337E062372BC75743FD5DF4 /* Pods-BugDone.debug.xcconfig */;
			buildSettings = {
				ASSETCATALOG_COMPILER_APPICON_NAME = AppIcon;
				CODE_SIGN_STYLE = Automatic;
				DEVELOPMENT_TEAM = 44RPER542U;
				INFOPLIST_FILE = BugDone/Support/Info.plist;
				LD_RUNPATH_SEARCH_PATHS = (
					"$(inherited)",
					"@executable_path/Frameworks",
				);
				PRODUCT_BUNDLE_IDENTIFIER = com.compass.BugDone;
				PRODUCT_NAME = "$(TARGET_NAME)";
				SWIFT_VERSION = 5.0;
				TARGETED_DEVICE_FAMILY = "1,2";
			};
			name = Debug;
		};
		D00C4AEF24C88DC3004F0F40 /* Release */ = {
			isa = XCBuildConfiguration;
			baseConfigurationReference = 53D55B784608FB6081EAF92B /* Pods-BugDone.release.xcconfig */;
			buildSettings = {
				ASSETCATALOG_COMPILER_APPICON_NAME = AppIcon;
				CODE_SIGN_STYLE = Automatic;
				DEVELOPMENT_TEAM = 44RPER542U;
				INFOPLIST_FILE = BugDone/Support/Info.plist;
				LD_RUNPATH_SEARCH_PATHS = (
					"$(inherited)",
					"@executable_path/Frameworks",
				);
				PRODUCT_BUNDLE_IDENTIFIER = com.compass.BugDone;
				PRODUCT_NAME = "$(TARGET_NAME)";
				SWIFT_VERSION = 5.0;
				TARGETED_DEVICE_FAMILY = "1,2";
			};
			name = Release;
		};
		D00C4AF124C88DC3004F0F40 /* Debug */ = {
			isa = XCBuildConfiguration;
			baseConfigurationReference = 5CA332D1684F4DF366B416F1 /* Pods-BugDoneTests.debug.xcconfig */;
			buildSettings = {
				ALWAYS_EMBED_SWIFT_STANDARD_LIBRARIES = YES;
				BUNDLE_LOADER = "$(TEST_HOST)";
				CODE_SIGN_STYLE = Automatic;
				DEVELOPMENT_TEAM = 44RPER542U;
				INFOPLIST_FILE = BugDoneTests/Info.plist;
				IPHONEOS_DEPLOYMENT_TARGET = 13.6;
				LD_RUNPATH_SEARCH_PATHS = (
					"$(inherited)",
					"@executable_path/Frameworks",
					"@loader_path/Frameworks",
				);
				PRODUCT_BUNDLE_IDENTIFIER = com.compass.BugDoneTests;
				PRODUCT_NAME = "$(TARGET_NAME)";
				SWIFT_VERSION = 5.0;
				TARGETED_DEVICE_FAMILY = "1,2";
				TEST_HOST = "$(BUILT_PRODUCTS_DIR)/BugDone.app/BugDone";
			};
			name = Debug;
		};
		D00C4AF224C88DC3004F0F40 /* Release */ = {
			isa = XCBuildConfiguration;
			baseConfigurationReference = 661A9943108268B5A12FFE90 /* Pods-BugDoneTests.release.xcconfig */;
			buildSettings = {
				ALWAYS_EMBED_SWIFT_STANDARD_LIBRARIES = YES;
				BUNDLE_LOADER = "$(TEST_HOST)";
				CODE_SIGN_STYLE = Automatic;
				DEVELOPMENT_TEAM = 44RPER542U;
				INFOPLIST_FILE = BugDoneTests/Info.plist;
				IPHONEOS_DEPLOYMENT_TARGET = 13.6;
				LD_RUNPATH_SEARCH_PATHS = (
					"$(inherited)",
					"@executable_path/Frameworks",
					"@loader_path/Frameworks",
				);
				PRODUCT_BUNDLE_IDENTIFIER = com.compass.BugDoneTests;
				PRODUCT_NAME = "$(TARGET_NAME)";
				SWIFT_VERSION = 5.0;
				TARGETED_DEVICE_FAMILY = "1,2";
				TEST_HOST = "$(BUILT_PRODUCTS_DIR)/BugDone.app/BugDone";
			};
			name = Release;
		};
		D00C4AF424C88DC3004F0F40 /* Debug */ = {
			isa = XCBuildConfiguration;
			baseConfigurationReference = 13A09F1086C3BFAEB5FEE87A /* Pods-BugDone-BugDoneUITests.debug.xcconfig */;
			buildSettings = {
				ALWAYS_EMBED_SWIFT_STANDARD_LIBRARIES = YES;
				CODE_SIGN_STYLE = Automatic;
				DEVELOPMENT_TEAM = 44RPER542U;
				INFOPLIST_FILE = BugDoneUITests/Info.plist;
				LD_RUNPATH_SEARCH_PATHS = (
					"$(inherited)",
					"@executable_path/Frameworks",
					"@loader_path/Frameworks",
				);
				PRODUCT_BUNDLE_IDENTIFIER = com.compass.BugDoneUITests;
				PRODUCT_NAME = "$(TARGET_NAME)";
				SWIFT_VERSION = 5.0;
				TARGETED_DEVICE_FAMILY = "1,2";
				TEST_TARGET_NAME = BugDone;
			};
			name = Debug;
		};
		D00C4AF524C88DC3004F0F40 /* Release */ = {
			isa = XCBuildConfiguration;
			baseConfigurationReference = 395873D2DC7B39E89F659FC3 /* Pods-BugDone-BugDoneUITests.release.xcconfig */;
			buildSettings = {
				ALWAYS_EMBED_SWIFT_STANDARD_LIBRARIES = YES;
				CODE_SIGN_STYLE = Automatic;
				DEVELOPMENT_TEAM = 44RPER542U;
				INFOPLIST_FILE = BugDoneUITests/Info.plist;
				LD_RUNPATH_SEARCH_PATHS = (
					"$(inherited)",
					"@executable_path/Frameworks",
					"@loader_path/Frameworks",
				);
				PRODUCT_BUNDLE_IDENTIFIER = com.compass.BugDoneUITests;
				PRODUCT_NAME = "$(TARGET_NAME)";
				SWIFT_VERSION = 5.0;
				TARGETED_DEVICE_FAMILY = "1,2";
				TEST_TARGET_NAME = BugDone;
			};
			name = Release;
		};
/* End XCBuildConfiguration section */

/* Begin XCConfigurationList section */
		D00C4ABE24C88DC2004F0F40 /* Build configuration list for PBXProject "BugDone" */ = {
			isa = XCConfigurationList;
			buildConfigurations = (
				D00C4AEB24C88DC3004F0F40 /* Debug */,
				D00C4AEC24C88DC3004F0F40 /* Release */,
			);
			defaultConfigurationIsVisible = 0;
			defaultConfigurationName = Release;
		};
		D00C4AED24C88DC3004F0F40 /* Build configuration list for PBXNativeTarget "BugDone" */ = {
			isa = XCConfigurationList;
			buildConfigurations = (
				D00C4AEE24C88DC3004F0F40 /* Debug */,
				D00C4AEF24C88DC3004F0F40 /* Release */,
			);
			defaultConfigurationIsVisible = 0;
			defaultConfigurationName = Release;
		};
		D00C4AF024C88DC3004F0F40 /* Build configuration list for PBXNativeTarget "BugDoneTests" */ = {
			isa = XCConfigurationList;
			buildConfigurations = (
				D00C4AF124C88DC3004F0F40 /* Debug */,
				D00C4AF224C88DC3004F0F40 /* Release */,
			);
			defaultConfigurationIsVisible = 0;
			defaultConfigurationName = Release;
		};
		D00C4AF324C88DC3004F0F40 /* Build configuration list for PBXNativeTarget "BugDoneUITests" */ = {
			isa = XCConfigurationList;
			buildConfigurations = (
				D00C4AF424C88DC3004F0F40 /* Debug */,
				D00C4AF524C88DC3004F0F40 /* Release */,
			);
			defaultConfigurationIsVisible = 0;
			defaultConfigurationName = Release;
		};
/* End XCConfigurationList section */
	};
	rootObject = D00C4ABB24C88DC2004F0F40 /* Project object */;
}
